
Microsoft Visual Studio Solution File, Format Version 12.00
# Visual Studio 2015
Project("{FAE04EC0-301F-11D3-BF4B-00C04F79EFBC}") = "JanusRacer.CSharp.Plugins", "JanusRacer.CSharp.Plugins.csproj", "{C03CA286-CCBB-1040-5A66-59D497995BEE}"
EndProject
Project("{FAE04EC0-301F-11D3-BF4B-00C04F79EFBC}") = "JanusRacer.CSharp", "JanusRacer.CSharp.csproj", "{82242C86-EE51-B4CE-7D75-CFDC76C9D8D7}"
EndProject
Project("{FAE04EC0-301F-11D3-BF4B-00C04F79EFBC}") = "JanusRacer.CSharp.Editor", "JanusRacer.CSharp.Editor.csproj", "{313AC835-C0E9-A5BA-F3F1-1EE356EADF03}"
EndProject
Global
	GlobalSection(SolutionConfigurationPlatforms) = preSolution
		Debug|Any CPU = Debug|Any CPU
		Release|Any CPU = Release|Any CPU
	EndGlobalSection
	GlobalSection(ProjectConfigurationPlatforms) = postSolution
		{C03CA286-CCBB-1040-5A66-59D497995BEE}.Debug|Any CPU.ActiveCfg = Debug|Any CPU
		{C03CA286-CCBB-1040-5A66-59D497995BEE}.Debug|Any CPU.Build.0 = Debug|Any CPU
		{C03CA286-CCBB-1040-5A66-59D497995BEE}.Release|Any CPU.ActiveCfg = Release|Any CPU
		{C03CA286-CCBB-1040-5A66-59D497995BEE}.Release|Any CPU.Build.0 = Release|Any CPU
		{82242C86-EE51-B4CE-7D75-CFDC76C9D8D7}.Debug|Any CPU.ActiveCfg = Debug|Any CPU
		{82242C86-EE51-B4CE-7D75-CFDC76C9D8D7}.Debug|Any CPU.Build.0 = Debug|Any CPU
		{82242C86-EE51-B4CE-7D75-CFDC76C9D8D7}.Release|Any CPU.ActiveCfg = Release|Any CPU
		{82242C86-EE51-B4CE-7D75-CFDC76C9D8D7}.Release|Any CPU.Build.0 = Release|Any CPU
		{313AC835-C0E9-A5BA-F3F1-1EE356EADF03}.Debug|Any CPU.ActiveCfg = Debug|Any CPU
		{313AC835-C0E9-A5BA-F3F1-1EE356EADF03}.Debug|Any CPU.Build.0 = Debug|Any CPU
		{313AC835-C0E9-A5BA-F3F1-1EE356EADF03}.Release|Any CPU.ActiveCfg = Release|Any CPU
		{313AC835-C0E9-A5BA-F3F1-1EE356EADF03}.Release|Any CPU.Build.0 = Release|Any CPU
	EndGlobalSection
	GlobalSection(SolutionProperties) = preSolution
		HideSolutionNode = FALSE
	EndGlobalSection
EndGlobal
